
Microsoft Visual Studio Solution File, Format Version 12.00
# Visual Studio 2013
VisualStudioVersion = 12.0.31101.0
MinimumVisualStudioVersion = 10.0.40219.1
Project("{FAE04EC0-301F-11D3-BF4B-00C04F79EFBC}") = "MiamiJobsFinder", "MiamiJobsFinder\MiamiJobsFinder.csproj", "{2533109F-4384-4B3D-851E-B5AE2868DF18}"
EndProject
Project("{FAE04EC0-301F-11D3-BF4B-00C04F79EFBC}") = "MiamiJobsFinder.Tests", "MiamiJobsFinder.Tests\MiamiJobsFinder.Tests.csproj", "{CF0EA5F4-1EAD-4E3D-B24D-6BC06F5023A8}"
EndProject
Project("{FAE04EC0-301F-11D3-BF4B-00C04F79EFBC}") = "BusinessDomain", "BusinessDomain\BusinessDomain.csproj", "{E2DFCFE1-9168-463C-8E39-7C5A96A47291}"
EndProject
Project("{FAE04EC0-301F-11D3-BF4B-00C04F79EFBC}") = "DAL", "DAL\DAL.csproj", "{9F43B556-8601-4BAE-8723-8E9CEED06B6B}"
EndProject
Global
	GlobalSection(SolutionConfigurationPlatforms) = preSolution
		Debug|Any CPU = Debug|Any CPU
		Release|Any CPU = Release|Any CPU
	EndGlobalSection
	GlobalSection(ProjectConfigurationPlatforms) = postSolution
		{2533109F-4384-4B3D-851E-B5AE2868DF18}.Debug|Any CPU.ActiveCfg = Debug|Any CPU
		{2533109F-4384-4B3D-851E-B5AE2868DF18}.Debug|Any CPU.Build.0 = Debug|Any CPU
		{2533109F-4384-4B3D-851E-B5AE2868DF18}.Release|Any CPU.ActiveCfg = Release|Any CPU
		{2533109F-4384-4B3D-851E-B5AE2868DF18}.Release|Any CPU.Build.0 = Release|Any CPU
		{CF0EA5F4-1EAD-4E3D-B24D-6BC06F5023A8}.Debug|Any CPU.ActiveCfg = Debug|Any CPU
		{CF0EA5F4-1EAD-4E3D-B24D-6BC06F5023A8}.Debug|Any CPU.Build.0 = Debug|Any CPU
		{CF0EA5F4-1EAD-4E3D-B24D-6BC06F5023A8}.Release|Any CPU.ActiveCfg = Release|Any CPU
		{CF0EA5F4-1EAD-4E3D-B24D-6BC06F5023A8}.Release|Any CPU.Build.0 = Release|Any CPU
		{E2DFCFE1-9168-463C-8E39-7C5A96A47291}.Debug|Any CPU.ActiveCfg = Debug|Any CPU
		{E2DFCFE1-9168-463C-8E39-7C5A96A47291}.Debug|Any CPU.Build.0 = Debug|Any CPU
		{E2DFCFE1-9168-463C-8E39-7C5A96A47291}.Release|Any CPU.ActiveCfg = Release|Any CPU
		{E2DFCFE1-9168-463C-8E39-7C5A96A47291}.Release|Any CPU.Build.0 = Release|Any CPU
		{9F43B556-8601-4BAE-8723-8E9CEED06B6B}.Debug|Any CPU.ActiveCfg = Debug|Any CPU
		{9F43B556-8601-4BAE-8723-8E9CEED06B6B}.Debug|Any CPU.Build.0 = Debug|Any CPU
		{9F43B556-8601-4BAE-8723-8E9CEED06B6B}.Release|Any CPU.ActiveCfg = Release|Any CPU
		{9F43B556-8601-4BAE-8723-8E9CEED06B6B}.Release|Any CPU.Build.0 = Release|Any CPU
	EndGlobalSection
	GlobalSection(SolutionProperties) = preSolution
		HideSolutionNode = FALSE
	EndGlobalSection
EndGlobal
